
Microsoft Visual Studio Solution File, Format Version 12.00
# Visual Studio Version 16
VisualStudioVersion = 16.0.28803.202
MinimumVisualStudioVersion = 10.0.40219.1
Project("{9A19103F-16F7-4668-BE54-9A1E7A4F7556}") = "TrashRouting.API", "TrashRouting.API\TrashRouting.API.csproj", "{1DDA3014-BF20-406F-9B8A-EE14C6177519}"
EndProject
Project("{9A19103F-16F7-4668-BE54-9A1E7A4F7556}") = "TrashRouting.Cluster", "TrashRouting.Cluster\TrashRouting.Cluster.csproj", "{433333C9-8901-49BB-B4BA-C12DF40273B5}"
EndProject
Project("{9A19103F-16F7-4668-BE54-9A1E7A4F7556}") = "TrashRouting.Routes", "TrashRouting.Routes\TrashRouting.Routes.csproj", "{052424A5-CCEE-4371-8736-B85353674BB7}"
EndProject
Project("{9A19103F-16F7-4668-BE54-9A1E7A4F7556}") = "TrashRouting.Sync", "TrashRouting.Sync\TrashRouting.Sync.csproj", "{FF93571D-9626-4D81-A783-3394106B40B4}"
EndProject
Project("{2150E333-8FDC-42A3-9474-1A3956D46DE8}") = "Solution Items", "Solution Items", "{56BB172F-F289-4405-9F90-2C09856F1B34}"
	ProjectSection(SolutionItems) = preProject
		consul.yml = consul.yml
		docker-compose.yml = docker-compose.yml
		docker-routes.yml = docker-routes.yml
		dotnet-run-all.sh = dotnet-run-all.sh
		rabbit-fabio-consul.yml = rabbit-fabio-consul.yml
		rabbit-fabio.yml = rabbit-fabio.yml
		rabbit.yml = rabbit.yml
	EndProjectSection
EndProject
Project("{9A19103F-16F7-4668-BE54-9A1E7A4F7556}") = "TrashRouting.Common", "TrashRouting.Common\TrashRouting.Common.csproj", "{5E28A6D3-2BB7-4DF9-A8ED-C86D5E096A20}"
EndProject
Global
	GlobalSection(SolutionConfigurationPlatforms) = preSolution
		Debug|Any CPU = Debug|Any CPU
		Release|Any CPU = Release|Any CPU
	EndGlobalSection
	GlobalSection(ProjectConfigurationPlatforms) = postSolution
		{1DDA3014-BF20-406F-9B8A-EE14C6177519}.Debug|Any CPU.ActiveCfg = Debug|Any CPU
		{1DDA3014-BF20-406F-9B8A-EE14C6177519}.Debug|Any CPU.Build.0 = Debug|Any CPU
		{1DDA3014-BF20-406F-9B8A-EE14C6177519}.Release|Any CPU.ActiveCfg = Release|Any CPU
		{1DDA3014-BF20-406F-9B8A-EE14C6177519}.Release|Any CPU.Build.0 = Release|Any CPU
		{433333C9-8901-49BB-B4BA-C12DF40273B5}.Debug|Any CPU.ActiveCfg = Debug|Any CPU
		{433333C9-8901-49BB-B4BA-C12DF40273B5}.Debug|Any CPU.Build.0 = Debug|Any CPU
		{433333C9-8901-49BB-B4BA-C12DF40273B5}.Release|Any CPU.ActiveCfg = Release|Any CPU
		{433333C9-8901-49BB-B4BA-C12DF40273B5}.Release|Any CPU.Build.0 = Release|Any CPU
		{052424A5-CCEE-4371-8736-B85353674BB7}.Debug|Any CPU.ActiveCfg = Debug|Any CPU
		{052424A5-CCEE-4371-8736-B85353674BB7}.Debug|Any CPU.Build.0 = Debug|Any CPU
		{052424A5-CCEE-4371-8736-B85353674BB7}.Release|Any CPU.ActiveCfg = Release|Any CPU
		{052424A5-CCEE-4371-8736-B85353674BB7}.Release|Any CPU.Build.0 = Release|Any CPU
		{FF93571D-9626-4D81-A783-3394106B40B4}.Debug|Any CPU.ActiveCfg = Debug|Any CPU
		{FF93571D-9626-4D81-A783-3394106B40B4}.Debug|Any CPU.Build.0 = Debug|Any CPU
		{FF93571D-9626-4D81-A783-3394106B40B4}.Release|Any CPU.ActiveCfg = Release|Any CPU
		{FF93571D-9626-4D81-A783-3394106B40B4}.Release|Any CPU.Build.0 = Release|Any CPU
		{5E28A6D3-2BB7-4DF9-A8ED-C86D5E096A20}.Debug|Any CPU.ActiveCfg = Debug|Any CPU
		{5E28A6D3-2BB7-4DF9-A8ED-C86D5E096A20}.Debug|Any CPU.Build.0 = Debug|Any CPU
		{5E28A6D3-2BB7-4DF9-A8ED-C86D5E096A20}.Release|Any CPU.ActiveCfg = Release|Any CPU
		{5E28A6D3-2BB7-4DF9-A8ED-C86D5E096A20}.Release|Any CPU.Build.0 = Release|Any CPU
	EndGlobalSection
	GlobalSection(SolutionProperties) = preSolution
		HideSolutionNode = FALSE
	EndGlobalSection
	GlobalSection(ExtensibilityGlobals) = postSolution
		SolutionGuid = {A5CBF8A2-9966-4349-AAB1-125AC1F51000}
	EndGlobalSection
EndGlobal
